
Microsoft Visual Studio Solution File, Format Version 12.00
# Visual Studio 15
VisualStudioVersion = 15.0.28307.852
MinimumVisualStudioVersion = 10.0.40219.1
Project("{FAE04EC0-301F-11D3-BF4B-00C04F79EFBC}") = "testportal", "testportal\testportal.csproj", "{4539CE63-5A53-4C61-B953-A3D99E3E20C5}"
EndProject
Global
	GlobalSection(SolutionConfigurationPlatforms) = preSolution
		Debug|Any CPU = Debug|Any CPU
		Release|Any CPU = Release|Any CPU
	EndGlobalSection
	GlobalSection(ProjectConfigurationPlatforms) = postSolution
		{4539CE63-5A53-4C61-B953-A3D99E3E20C5}.Debug|Any CPU.ActiveCfg = Debug|Any CPU
		{4539CE63-5A53-4C61-B953-A3D99E3E20C5}.Debug|Any CPU.Build.0 = Debug|Any CPU
		{4539CE63-5A53-4C61-B953-A3D99E3E20C5}.Release|Any CPU.ActiveCfg = Release|Any CPU
		{4539CE63-5A53-4C61-B953-A3D99E3E20C5}.Release|Any CPU.Build.0 = Release|Any CPU
	EndGlobalSection
	GlobalSection(SolutionProperties) = preSolution
		HideSolutionNode = FALSE
	EndGlobalSection
	GlobalSection(ExtensibilityGlobals) = postSolution
		SolutionGuid = {DBC60E6F-F0C6-47F9-9B7E-4A8729216C37}
	EndGlobalSection
EndGlobal
